// !$*UTF8*$!
{
	archiveVersion = 1;
	classes = {
	};
	objectVersion = 50;
	objects = {

/* Begin PBXBuildFile section */
		A643444520C5C355000B0F8E /* ProductsVC.swift in Sources */ = {isa = PBXBuildFile; fileRef = A643444420C5C355000B0F8E /* ProductsVC.swift */; };
		A67A784620BD02F700BA7986 /* AppDelegate.swift in Sources */ = {isa = PBXBuildFile; fileRef = A67A784520BD02F700BA7986 /* AppDelegate.swift */; };
		A67A784820BD02F700BA7986 /* CategoriesVC.swift in Sources */ = {isa = PBXBuildFile; fileRef = A67A784720BD02F700BA7986 /* CategoriesVC.swift */; };
		A67A784B20BD02F700BA7986 /* Main.storyboard in Resources */ = {isa = PBXBuildFile; fileRef = A67A784920BD02F700BA7986 /* Main.storyboard */; };
		A67A784D20BD02F900BA7986 /* Assets.xcassets in Resources */ = {isa = PBXBuildFile; fileRef = A67A784C20BD02F900BA7986 /* Assets.xcassets */; };
		A67A785020BD02F900BA7986 /* LaunchScreen.storyboard in Resources */ = {isa = PBXBuildFile; fileRef = A67A784E20BD02F900BA7986 /* LaunchScreen.storyboard */; };
		A67A785D20BDC6F200BA7986 /* CategoryCell.swift in Sources */ = {isa = PBXBuildFile; fileRef = A67A785C20BDC6F200BA7986 /* CategoryCell.swift */; };
		A67A785F20C03AE300BA7986 /* Category.swift in Sources */ = {isa = PBXBuildFile; fileRef = A67A785E20C03AE300BA7986 /* Category.swift */; };
		A67A786220C03CD000BA7986 /* dataService.swift in Sources */ = {isa = PBXBuildFile; fileRef = A67A786120C03CD000BA7986 /* dataService.swift */; };
		A67A786420C312AD00BA7986 /* ProductCell.swift in Sources */ = {isa = PBXBuildFile; fileRef = A67A786320C312AD00BA7986 /* ProductCell.swift */; };
		A67A786620C4590D00BA7986 /* Product.swift in Sources */ = {isa = PBXBuildFile; fileRef = A67A786520C4590D00BA7986 /* Product.swift */; };
/* End PBXBuildFile section */

/* Begin PBXFileReference section */
		A643444420C5C355000B0F8E /* ProductsVC.swift */ = {isa = PBXFileReference; lastKnownFileType = sourcecode.swift; path = ProductsVC.swift; sourceTree = "<group>"; };
		A67A784220BD02F600BA7986 /* coder-swag.app */ = {isa = PBXFileReference; explicitFileType = wrapper.application; includeInIndex = 0; path = "coder-swag.app"; sourceTree = BUILT_PRODUCTS_DIR; };
		A67A784520BD02F700BA7986 /* AppDelegate.swift */ = {isa = PBXFileReference; lastKnownFileType = sourcecode.swift; path = AppDelegate.swift; sourceTree = "<group>"; };
		A67A784720BD02F700BA7986 /* CategoriesVC.swift */ = {isa = PBXFileReference; lastKnownFileType = sourcecode.swift; path = CategoriesVC.swift; sourceTree = "<group>"; };
		A67A784A20BD02F700BA7986 /* Base */ = {isa = PBXFileReference; lastKnownFileType = file.storyboard; name = Base; path = Base.lproj/Main.storyboard; sourceTree = "<group>"; };
		A67A784C20BD02F900BA7986 /* Assets.xcassets */ = {isa = PBXFileReference; lastKnownFileType = folder.assetcatalog; path = Assets.xcassets; sourceTree = "<group>"; };
		A67A784F20BD02F900BA7986 /* Base */ = {isa = PBXFileReference; lastKnownFileType = file.storyboard; name = Base; path = Base.lproj/LaunchScreen.storyboard; sourceTree = "<group>"; };
		A67A785120BD02F900BA7986 /* Info.plist */ = {isa = PBXFileReference; lastKnownFileType = text.plist.xml; path = Info.plist; sourceTree = "<group>"; };
		A67A785C20BDC6F200BA7986 /* CategoryCell.swift */ = {isa = PBXFileReference; lastKnownFileType = sourcecode.swift; path = CategoryCell.swift; sourceTree = "<group>"; };
		A67A785E20C03AE300BA7986 /* Category.swift */ = {isa = PBXFileReference; lastKnownFileType = sourcecode.swift; path = Category.swift; sourceTree = "<group>"; };
		A67A786120C03CD000BA7986 /* dataService.swift */ = {isa = PBXFileReference; lastKnownFileType = sourcecode.swift; path = dataService.swift; sourceTree = "<group>"; };
		A67A786320C312AD00BA7986 /* ProductCell.swift */ = {isa = PBXFileReference; lastKnownFileType = sourcecode.swift; path = ProductCell.swift; sourceTree = "<group>"; };
		A67A786520C4590D00BA7986 /* Product.swift */ = {isa = PBXFileReference; lastKnownFileType = sourcecode.swift; path = Product.swift; sourceTree = "<group>"; };
/* End PBXFileReference section */

/* Begin PBXFrameworksBuildPhase section */
		A67A783F20BD02F600BA7986 /* Frameworks */ = {
			isa = PBXFrameworksBuildPhase;
			buildActionMask = 2147483647;
			files = (
			);
			runOnlyForDeploymentPostprocessing = 0;
		};
/* End PBXFrameworksBuildPhase section */

/* Begin PBXGroup section */
		A67A783920BD02F600BA7986 = {
			isa = PBXGroup;
			children = (
				A67A784420BD02F600BA7986 /* coder-swag */,
				A67A784320BD02F600BA7986 /* Products */,
			);
			sourceTree = "<group>";
		};
		A67A784320BD02F600BA7986 /* Products */ = {
			isa = PBXGroup;
			children = (
				A67A784220BD02F600BA7986 /* coder-swag.app */,
			);
			name = Products;
			sourceTree = "<group>";
		};
		A67A784420BD02F600BA7986 /* coder-swag */ = {
			isa = PBXGroup;
			children = (
				A67A786020C03CB800BA7986 /* Services */,
				A67A785920BDBA5300BA7986 /* Views */,
				A67A785820BDBA4D00BA7986 /* Model */,
				A67A785720BDBA4600BA7986 /* Controller */,
				A67A784520BD02F700BA7986 /* AppDelegate.swift */,
				A67A784920BD02F700BA7986 /* Main.storyboard */,
				A67A784C20BD02F900BA7986 /* Assets.xcassets */,
				A67A784E20BD02F900BA7986 /* LaunchScreen.storyboard */,
				A67A785120BD02F900BA7986 /* Info.plist */,
			);
			path = "coder-swag";
			sourceTree = "<group>";
		};
		A67A785720BDBA4600BA7986 /* Controller */ = {
			isa = PBXGroup;
			children = (
				A67A784720BD02F700BA7986 /* CategoriesVC.swift */,
				A643444420C5C355000B0F8E /* ProductsVC.swift */,
			);
			path = Controller;
			sourceTree = "<group>";
		};
		A67A785820BDBA4D00BA7986 /* Model */ = {
			isa = PBXGroup;
			children = (
				A67A785E20C03AE300BA7986 /* Category.swift */,
				A67A786520C4590D00BA7986 /* Product.swift */,
			);
			path = Model;
			sourceTree = "<group>";
		};
		A67A785920BDBA5300BA7986 /* Views */ = {
			isa = PBXGroup;
			children = (
				A67A785C20BDC6F200BA7986 /* CategoryCell.swift */,
				A67A786320C312AD00BA7986 /* ProductCell.swift */,
			);
			path = Views;
			sourceTree = "<group>";
		};
		A67A786020C03CB800BA7986 /* Services */ = {
			isa = PBXGroup;
			children = (
				A67A786120C03CD000BA7986 /* dataService.swift */,
			);
			path = Services;
			sourceTree = "<group>";
		};
/* End PBXGroup section */

/* Begin PBXNativeTarget section */
		A67A784120BD02F600BA7986 /* coder-swag */ = {
			isa = PBXNativeTarget;
			buildConfigurationList = A67A785420BD02F900BA7986 /* Build configuration list for PBXNativeTarget "coder-swag" */;
			buildPhases = (
				A67A783E20BD02F600BA7986 /* Sources */,
				A67A783F20BD02F600BA7986 /* Frameworks */,
				A67A784020BD02F600BA7986 /* Resources */,
			);
			buildRules = (
			);
			dependencies = (
			);
			name = "coder-swag";
			productName = "coder-swag";
			productReference = A67A784220BD02F600BA7986 /* coder-swag.app */;
			productType = "com.apple.product-type.application";
		};
/* End PBXNativeTarget section */

/* Begin PBXProject section */
		A67A783A20BD02F600BA7986 /* Project object */ = {
			isa = PBXProject;
			attributes = {
				LastSwiftUpdateCheck = 0930;
				LastUpgradeCheck = 0930;
				ORGANIZATIONNAME = "Jamil Jalal";
				TargetAttributes = {
					A67A784120BD02F600BA7986 = {
						CreatedOnToolsVersion = 9.3.1;
					};
				};
			};
			buildConfigurationList = A67A783D20BD02F600BA7986 /* Build configuration list for PBXProject "coder-swag" */;
			compatibilityVersion = "Xcode 9.3";
			developmentRegion = en;
			hasScannedForEncodings = 0;
			knownRegions = (
				en,
				Base,
			);
			mainGroup = A67A783920BD02F600BA7986;
			productRefGroup = A67A784320BD02F600BA7986 /* Products */;
			projectDirPath = "";
			projectRoot = "";
			targets = (
				A67A784120BD02F600BA7986 /* coder-swag */,
			);
		};
/* End PBXProject section */

/* Begin PBXResourcesBuildPhase section */
		A67A784020BD02F600BA7986 /* Resources */ = {
			isa = PBXResourcesBuildPhase;
			buildActionMask = 2147483647;
			files = (
				A67A785020BD02F900BA7986 /* LaunchScreen.storyboard in Resources */,
				A67A784D20BD02F900BA7986 /* Assets.xcassets in Resources */,
				A67A784B20BD02F700BA7986 /* Main.storyboard in Resources */,
			);
			runOnlyForDeploymentPostprocessing = 0;
		};
/* End PBXResourcesBuildPhase section */

/* Begin PBXSourcesBuildPhase section */
		A67A783E20BD02F600BA7986 /* Sources */ = {
			isa = PBXSourcesBuildPhase;
			buildActionMask = 2147483647;
			files = (
				A643444520C5C355000B0F8E /* ProductsVC.swift in Sources */,
				A67A784820BD02F700BA7986 /* CategoriesVC.swift in Sources */,
				A67A784620BD02F700BA7986 /* AppDelegate.swift in Sources */,
				A67A785D20BDC6F200BA7986 /* CategoryCell.swift in Sources */,
				A67A786420C312AD00BA7986 /* ProductCell.swift in Sources */,
				A67A785F20C03AE300BA7986 /* Category.swift in Sources */,
				A67A786220C03CD000BA7986 /* dataService.swift in Sources */,
				A67A786620C4590D00BA7986 /* Product.swift in Sources */,
			);
			runOnlyForDeploymentPostprocessing = 0;
		};
/* End PBXSourcesBuildPhase section */

/* Begin PBXVariantGroup section */
		A67A784920BD02F700BA7986 /* Main.storyboard */ = {
			isa = PBXVariantGroup;
			children = (
				A67A784A20BD02F700BA7986 /* Base */,
			);
			name = Main.storyboard;
			sourceTree = "<group>";
		};
		A67A784E20BD02F900BA7986 /* LaunchScreen.storyboard */ = {
			isa = PBXVariantGroup;
			children = (
				A67A784F20BD02F900BA7986 /* Base */,
			);
			name = LaunchScreen.storyboard;
			sourceTree = "<group>";
		};
/* End PBXVariantGroup section */

/* Begin XCBuildConfiguration section */
		A67A785220BD02F900BA7986 /* Debug */ = {
			isa = XCBuildConfiguration;
			buildSettings = {
				ALWAYS_SEARCH_USER_PATHS = NO;
				CLANG_ANALYZER_NONNULL = YES;
				CLANG_ANALYZER_NUMBER_OBJECT_CONVERSION = YES_AGGRESSIVE;
				CLANG_CXX_LANGUAGE_STANDARD = "gnu++14";
				CLANG_CXX_LIBRARY = "libc++";
				CLANG_ENABLE_MODULES = YES;
				CLANG_ENABLE_OBJC_ARC = YES;
				CLANG_ENABLE_OBJC_WEAK = YES;
				CLANG_WARN_BLOCK_CAPTURE_AUTORELEASING = YES;
				CLANG_WARN_BOOL_CONVERSION = YES;
				CLANG_WARN_COMMA = YES;
				CLANG_WARN_CONSTANT_CONVERSION = YES;
				CLANG_WARN_DEPRECATED_OBJC_IMPLEMENTATIONS = YES;
				CLANG_WARN_DIRECT_OBJC_ISA_USAGE = YES_ERROR;
				CLANG_WARN_DOCUMENTATION_COMMENTS = YES;
				CLANG_WARN_EMPTY_BODY = YES;
				CLANG_WARN_ENUM_CONVERSION = YES;
				CLANG_WARN_INFINITE_RECURSION = YES;
				CLANG_WARN_INT_CONVERSION = YES;
				CLANG_WARN_NON_LITERAL_NULL_CONVERSION = YES;
				CLANG_WARN_OBJC_IMPLICIT_RETAIN_SELF = YES;
				CLANG_WARN_OBJC_LITERAL_CONVERSION = YES;
				CLANG_WARN_OBJC_ROOT_CLASS = YES_ERROR;
				CLANG_WARN_RANGE_LOOP_ANALYSIS = YES;
				CLANG_WARN_STRICT_PROTOTYPES = YES;
				CLANG_WARN_SUSPICIOUS_MOVE = YES;
				CLANG_WARN_UNGUARDED_AVAILABILITY = YES_AGGRESSIVE;
				CLANG_WARN_UNREACHABLE_CODE = YES;
				CLANG_WARN__DUPLICATE_METHOD_MATCH = YES;
				CODE_SIGN_IDENTITY = "iPhone Developer";
				COPY_PHASE_STRIP = NO;
				DEBUG_INFORMATION_FORMAT = dwarf;
				ENABLE_STRICT_OBJC_MSGSEND = YES;
				ENABLE_TESTABILITY = YES;
				GCC_C_LANGUAGE_STANDARD = gnu11;
				GCC_DYNAMIC_NO_PIC = NO;
				GCC_NO_COMMON_BLOCKS = YES;
				GCC_OPTIMIZATION_LEVEL = 0;
				GCC_PREPROCESSOR_DEFINITIONS = (
					"DEBUG=1",
					"$(inherited)",
				);
				GCC_WARN_64_TO_32_BIT_CONVERSION = YES;
				GCC_WARN_ABOUT_RETURN_TYPE = YES_ERROR;
				GCC_WARN_UNDECLARED_SELECTOR = YES;
				GCC_WARN_UNINITIALIZED_AUTOS = YES_AGGRESSIVE;
				GCC_WARN_UNUSED_FUNCTION = YES;
				GCC_WARN_UNUSED_VARIABLE = YES;
				IPHONEOS_DEPLOYMENT_TARGET = 11.3;
				MTL_ENABLE_DEBUG_INFO = YES;
				ONLY_ACTIVE_ARCH = YES;
				SDKROOT = iphoneos;
				SWIFT_ACTIVE_COMPILATION_CONDITIONS = DEBUG;
				SWIFT_OPTIMIZATION_LEVEL = "-Onone";
			};
			name = Debug;
		};
		A67A785320BD02F900BA7986 /* Release */ = {
			isa = XCBuildConfiguration;
			buildSettings = {
				ALWAYS_SEARCH_USER_PATHS = NO;
				CLANG_ANALYZER_NONNULL = YES;
				CLANG_ANALYZER_NUMBER_OBJECT_CONVERSION = YES_AGGRESSIVE;
				CLANG_CXX_LANGUAGE_STANDARD = "gnu++14";
				CLANG_CXX_LIBRARY = "libc++";
				CLANG_ENABLE_MODULES = YES;
				CLANG_ENABLE_OBJC_ARC = YES;
				CLANG_ENABLE_OBJC_WEAK = YES;
				CLANG_WARN_BLOCK_CAPTURE_AUTORELEASING = YES;
				CLANG_WARN_BOOL_CONVERSION = YES;
				CLANG_WARN_COMMA = YES;
				CLANG_WARN_CONSTANT_CONVERSION = YES;
				CLANG_WARN_DEPRECATED_OBJC_IMPLEMENTATIONS = YES;
				CLANG_WARN_DIRECT_OBJC_ISA_USAGE = YES_ERROR;
				CLANG_WARN_DOCUMENTATION_COMMENTS = YES;
				CLANG_WARN_EMPTY_BODY = YES;
				CLANG_WARN_ENUM_CONVERSION = YES;
				CLANG_WARN_INFINITE_RECURSION = YES;
				CLANG_WARN_INT_CONVERSION = YES;
				CLANG_WARN_NON_LITERAL_NULL_CONVERSION = YES;
				CLANG_WARN_OBJC_IMPLICIT_RETAIN_SELF = YES;
				CLANG_WARN_OBJC_LITERAL_CONVERSION = YES;
				CLANG_WARN_OBJC_ROOT_CLASS = YES_ERROR;
				CLANG_WARN_RANGE_LOOP_ANALYSIS = YES;
				CLANG_WARN_STRICT_PROTOTYPES = YES;
				CLANG_WARN_SUSPICIOUS_MOVE = YES;
				CLANG_WARN_UNGUARDED_AVAILABILITY = YES_AGGRESSIVE;
				CLANG_WARN_UNREACHABLE_CODE = YES;
				CLANG_WARN__DUPLICATE_METHOD_MATCH = YES;
				CODE_SIGN_IDENTITY = "iPhone Developer";
				COPY_PHASE_STRIP = NO;
				DEBUG_INFORMATION_FORMAT = "dwarf-with-dsym";
				ENABLE_NS_ASSERTIONS = NO;
				ENABLE_STRICT_OBJC_MSGSEND = YES;
				GCC_C_LANGUAGE_STANDARD = gnu11;
				GCC_NO_COMMON_BLOCKS = YES;
				GCC_WARN_64_TO_32_BIT_CONVERSION = YES;
				GCC_WARN_ABOUT_RETURN_TYPE = YES_ERROR;
				GCC_WARN_UNDECLARED_SELECTOR = YES;
				GCC_WARN_UNINITIALIZED_AUTOS = YES_AGGRESSIVE;
				GCC_WARN_UNUSED_FUNCTION = YES;
				GCC_WARN_UNUSED_VARIABLE = YES;
				IPHONEOS_DEPLOYMENT_TARGET = 11.3;
				MTL_ENABLE_DEBUG_INFO = NO;
				SDKROOT = iphoneos;
				SWIFT_COMPILATION_MODE = wholemodule;
				SWIFT_OPTIMIZATION_LEVEL = "-O";
				VALIDATE_PRODUCT = YES;
			};
			name = Release;
		};
		A67A785520BD02F900BA7986 /* Debug */ = {
			isa = XCBuildConfiguration;
			buildSettings = {
				ASSETCATALOG_COMPILER_APPICON_NAME = AppIcon;
				CODE_SIGN_STYLE = Automatic;
				DEVELOPMENT_TEAM = LW3486MABY;
				INFOPLIST_FILE = "coder-swag/Info.plist";
				LD_RUNPATH_SEARCH_PATHS = (
					"$(inherited)",
					"@executable_path/Frameworks",
				);
				PRODUCT_BUNDLE_IDENTIFIER = "jamiljalal.coder-swag";
				PRODUCT_NAME = "$(TARGET_NAME)";
				SWIFT_VERSION = 4.0;
				TARGETED_DEVICE_FAMILY = "1,2";
			};
			name = Debug;
		};
		A67A785620BD02F900BA7986 /* Release */ = {
			isa = XCBuildConfiguration;
			buildSettings = {
				ASSETCATALOG_COMPILER_APPICON_NAME = AppIcon;
				CODE_SIGN_STYLE = Automatic;
				DEVELOPMENT_TEAM = LW3486MABY;
				INFOPLIST_FILE = "coder-swag/Info.plist";
				LD_RUNPATH_SEARCH_PATHS = (
					"$(inherited)",
					"@executable_path/Frameworks",
				);
				PRODUCT_BUNDLE_IDENTIFIER = "jamiljalal.coder-swag";
				PRODUCT_NAME = "$(TARGET_NAME)";
				SWIFT_VERSION = 4.0;
				TARGETED_DEVICE_FAMILY = "1,2";
			};
			name = Release;
		};
/* End XCBuildConfiguration section */

/* Begin XCConfigurationList section */
		A67A783D20BD02F600BA7986 /* Build configuration list for PBXProject "coder-swag" */ = {
			isa = XCConfigurationList;
			buildConfigurations = (
				A67A785220BD02F900BA7986 /* Debug */,
				A67A785320BD02F900BA7986 /* Release */,
			);
			defaultConfigurationIsVisible = 0;
			defaultConfigurationName = Release;
		};
		A67A785420BD02F900BA7986 /* Build configuration list for PBXNativeTarget "coder-swag" */ = {
			isa = XCConfigurationList;
			buildConfigurations = (
				A67A785520BD02F900BA7986 /* Debug */,
				A67A785620BD02F900BA7986 /* Release */,
			);
			defaultConfigurationIsVisible = 0;
			defaultConfigurationName = Release;
		};
/* End XCConfigurationList section */
	};
	rootObject = A67A783A20BD02F600BA7986 /* Project object */;
}
